
Microsoft Visual Studio Solution File, Format Version 12.00
# Visual Studio Version 16
VisualStudioVersion = 16.0.30523.141
MinimumVisualStudioVersion = 10.0.40219.1
Project("{FAE04EC0-301F-11D3-BF4B-00C04F79EFBC}") = "Tarea7MPaez.Android", "Tarea7MPaez\Tarea7MPaez.Android\Tarea7MPaez.Android.csproj", "{FBEB59FF-4E2E-4AF5-9FE9-27CFCC39F60C}"
EndProject
Project("{FAE04EC0-301F-11D3-BF4B-00C04F79EFBC}") = "Tarea7MPaez.iOS", "Tarea7MPaez\Tarea7MPaez.iOS\Tarea7MPaez.iOS.csproj", "{B139BFD9-B5D1-414F-A458-80EFABE53E87}"
EndProject
Project("{9A19103F-16F7-4668-BE54-9A1E7A4F7556}") = "Tarea7MPaez", "Tarea7MPaez\Tarea7MPaez\Tarea7MPaez.csproj", "{45593520-EF03-4BEC-AC34-D552AD10713F}"
EndProject
Global
	GlobalSection(SolutionConfigurationPlatforms) = preSolution
		Debug|Any CPU = Debug|Any CPU
		Debug|iPhone = Debug|iPhone
		Debug|iPhoneSimulator = Debug|iPhoneSimulator
		Release|Any CPU = Release|Any CPU
		Release|iPhone = Release|iPhone
		Release|iPhoneSimulator = Release|iPhoneSimulator
	EndGlobalSection
	GlobalSection(ProjectConfigurationPlatforms) = postSolution
		{FBEB59FF-4E2E-4AF5-9FE9-27CFCC39F60C}.Debug|Any CPU.ActiveCfg = Debug|Any CPU
		{FBEB59FF-4E2E-4AF5-9FE9-27CFCC39F60C}.Debug|Any CPU.Build.0 = Debug|Any CPU
		{FBEB59FF-4E2E-4AF5-9FE9-27CFCC39F60C}.Debug|Any CPU.Deploy.0 = Debug|Any CPU
		{FBEB59FF-4E2E-4AF5-9FE9-27CFCC39F60C}.Debug|iPhone.ActiveCfg = Debug|Any CPU
		{FBEB59FF-4E2E-4AF5-9FE9-27CFCC39F60C}.Debug|iPhone.Build.0 = Debug|Any CPU
		{FBEB59FF-4E2E-4AF5-9FE9-27CFCC39F60C}.Debug|iPhone.Deploy.0 = Debug|Any CPU
		{FBEB59FF-4E2E-4AF5-9FE9-27CFCC39F60C}.Debug|iPhoneSimulator.ActiveCfg = Debug|Any CPU
		{FBEB59FF-4E2E-4AF5-9FE9-27CFCC39F60C}.Debug|iPhoneSimulator.Build.0 = Debug|Any CPU
		{FBEB59FF-4E2E-4AF5-9FE9-27CFCC39F60C}.Debug|iPhoneSimulator.Deploy.0 = Debug|Any CPU
		{FBEB59FF-4E2E-4AF5-9FE9-27CFCC39F60C}.Release|Any CPU.ActiveCfg = Release|Any CPU
		{FBEB59FF-4E2E-4AF5-9FE9-27CFCC39F60C}.Release|Any CPU.Build.0 = Release|Any CPU
		{FBEB59FF-4E2E-4AF5-9FE9-27CFCC39F60C}.Release|Any CPU.Deploy.0 = Release|Any CPU
		{FBEB59FF-4E2E-4AF5-9FE9-27CFCC39F60C}.Release|iPhone.ActiveCfg = Release|Any CPU
		{FBEB59FF-4E2E-4AF5-9FE9-27CFCC39F60C}.Release|iPhone.Build.0 = Release|Any CPU
		{FBEB59FF-4E2E-4AF5-9FE9-27CFCC39F60C}.Release|iPhone.Deploy.0 = Release|Any CPU
		{FBEB59FF-4E2E-4AF5-9FE9-27CFCC39F60C}.Release|iPhoneSimulator.ActiveCfg = Release|Any CPU
		{FBEB59FF-4E2E-4AF5-9FE9-27CFCC39F60C}.Release|iPhoneSimulator.Build.0 = Release|Any CPU
		{FBEB59FF-4E2E-4AF5-9FE9-27CFCC39F60C}.Release|iPhoneSimulator.Deploy.0 = Release|Any CPU
		{B139BFD9-B5D1-414F-A458-80EFABE53E87}.Debug|Any CPU.ActiveCfg = Debug|iPhone
		{B139BFD9-B5D1-414F-A458-80EFABE53E87}.Debug|Any CPU.Build.0 = Debug|iPhone
		{B139BFD9-B5D1-414F-A458-80EFABE53E87}.Debug|Any CPU.Deploy.0 = Debug|iPhone
		{B139BFD9-B5D1-414F-A458-80EFABE53E87}.Debug|iPhone.ActiveCfg = Debug|iPhone
		{B139BFD9-B5D1-414F-A458-80EFABE53E87}.Debug|iPhone.Build.0 = Debug|iPhone
		{B139BFD9-B5D1-414F-A458-80EFABE53E87}.Debug|iPhone.Deploy.0 = Debug|iPhone
		{B139BFD9-B5D1-414F-A458-80EFABE53E87}.Debug|iPhoneSimulator.ActiveCfg = Debug|iPhoneSimulator
		{B139BFD9-B5D1-414F-A458-80EFABE53E87}.Debug|iPhoneSimulator.Build.0 = Debug|iPhoneSimulator
		{B139BFD9-B5D1-414F-A458-80EFABE53E87}.Debug|iPhoneSimulator.Deploy.0 = Debug|iPhoneSimulator
		{B139BFD9-B5D1-414F-A458-80EFABE53E87}.Release|Any CPU.ActiveCfg = Release|iPhoneSimulator
		{B139BFD9-B5D1-414F-A458-80EFABE53E87}.Release|Any CPU.Build.0 = Release|iPhoneSimulator
		{B139BFD9-B5D1-414F-A458-80EFABE53E87}.Release|Any CPU.Deploy.0 = Release|iPhoneSimulator
		{B139BFD9-B5D1-414F-A458-80EFABE53E87}.Release|iPhone.ActiveCfg = Release|iPhone
		{B139BFD9-B5D1-414F-A458-80EFABE53E87}.Release|iPhone.Build.0 = Release|iPhone
		{B139BFD9-B5D1-414F-A458-80EFABE53E87}.Release|iPhone.Deploy.0 = Release|iPhone
		{B139BFD9-B5D1-414F-A458-80EFABE53E87}.Release|iPhoneSimulator.ActiveCfg = Release|iPhoneSimulator
		{B139BFD9-B5D1-414F-A458-80EFABE53E87}.Release|iPhoneSimulator.Build.0 = Release|iPhoneSimulator
		{B139BFD9-B5D1-414F-A458-80EFABE53E87}.Release|iPhoneSimulator.Deploy.0 = Release|iPhoneSimulator
		{45593520-EF03-4BEC-AC34-D552AD10713F}.Debug|Any CPU.ActiveCfg = Debug|Any CPU
		{45593520-EF03-4BEC-AC34-D552AD10713F}.Debug|Any CPU.Build.0 = Debug|Any CPU
		{45593520-EF03-4BEC-AC34-D552AD10713F}.Debug|Any CPU.Deploy.0 = Debug|Any CPU
		{45593520-EF03-4BEC-AC34-D552AD10713F}.Debug|iPhone.ActiveCfg = Debug|Any CPU
		{45593520-EF03-4BEC-AC34-D552AD10713F}.Debug|iPhone.Build.0 = Debug|Any CPU
		{45593520-EF03-4BEC-AC34-D552AD10713F}.Debug|iPhone.Deploy.0 = Debug|Any CPU
		{45593520-EF03-4BEC-AC34-D552AD10713F}.Debug|iPhoneSimulator.ActiveCfg = Debug|Any CPU
		{45593520-EF03-4BEC-AC34-D552AD10713F}.Debug|iPhoneSimulator.Build.0 = Debug|Any CPU
		{45593520-EF03-4BEC-AC34-D552AD10713F}.Debug|iPhoneSimulator.Deploy.0 = Debug|Any CPU
		{45593520-EF03-4BEC-AC34-D552AD10713F}.Release|Any CPU.ActiveCfg = Release|Any CPU
		{45593520-EF03-4BEC-AC34-D552AD10713F}.Release|Any CPU.Build.0 = Release|Any CPU
		{45593520-EF03-4BEC-AC34-D552AD10713F}.Release|Any CPU.Deploy.0 = Release|Any CPU
		{45593520-EF03-4BEC-AC34-D552AD10713F}.Release|iPhone.ActiveCfg = Release|Any CPU
		{45593520-EF03-4BEC-AC34-D552AD10713F}.Release|iPhone.Build.0 = Release|Any CPU
		{45593520-EF03-4BEC-AC34-D552AD10713F}.Release|iPhone.Deploy.0 = Release|Any CPU
		{45593520-EF03-4BEC-AC34-D552AD10713F}.Release|iPhoneSimulator.ActiveCfg = Release|Any CPU
		{45593520-EF03-4BEC-AC34-D552AD10713F}.Release|iPhoneSimulator.Build.0 = Release|Any CPU
		{45593520-EF03-4BEC-AC34-D552AD10713F}.Release|iPhoneSimulator.Deploy.0 = Release|Any CPU
	EndGlobalSection
	GlobalSection(SolutionProperties) = preSolution
		HideSolutionNode = FALSE
	EndGlobalSection
	GlobalSection(ExtensibilityGlobals) = postSolution
		SolutionGuid = {E49FB006-53DE-408D-87BB-B320D22D4EB6}
	EndGlobalSection
EndGlobal
